<?xml version="1.0" encoding="utf-8"?>
<Project ToolsVersion="4.0" xmlns="http://schemas.microsoft.com/developer/msbuild/2003">
  <ItemGroup>
    <Filter Include="Source Files">
      <UniqueIdentifier>{4FC737F1-C7A5-4376-A066-2A32D752A2FF}</UniqueIdentifier>
      <Extensions>cpp;c;cc;cxx;c++;cppm;ixx;def;odl;idl;hpj;bat;asm;asmx</Extensions>
    </Filter>
    <Filter Include="Header Files">
      <UniqueIdentifier>{93995380-89BD-4b04-88EB-625FBE52EBFB}</UniqueIdentifier>
      <Extensions>h;hh;hpp;hxx;h++;hm;inl;inc;ipp;xsd</Extensions>
    </Filter>
    <Filter Include="Resource Files">
      <UniqueIdentifier>{67DA6AB6-F800-4c08-8B7A-83BB121AAD01}</UniqueIdentifier>
      <Extensions>rc;ico;cur;bmp;dlg;rc2;rct;bin;rgs;gif;jpg;jpeg;jpe;resx;tiff;tif;png;wav;mfcribbon-ms</Extensions>
    </Filter>
  </ItemGroup>
  <ItemGroup>
    <ClInclude Include="pch.h">
      <Filter>Header Files</Filter>
    </ClInclude>
    <ClInclude Include="includes\RAdopt.h">
      <Filter>Header Files</Filter>
    </ClInclude>
    <ClInclude Include="includes\RUtils.h">
      <Filter>Header Files</Filter>
    </ClInclude>
    <ClInclude Include="includes\RModels.h">
      <Filter>Header Files</Filter>
    </ClInclude>
    <ClInclude Include="stb_image_bindings.h">
      <Filter>Header Files</Filter>
    </ClInclude>
    <ClInclude Include="stb_image.h">
      <Filter>Header Files</Filter>
    </ClInclude>
    <ClInclude Include="DX11TypeConverter.h">
      <Filter>Source Files</Filter>
    </ClInclude>
    <ClInclude Include="includes\RSystems.h">
      <Filter>Header Files</Filter>
    </ClInclude>
    <ClInclude Include="includes\GLMUtils.h">
      <Filter>Header Files</Filter>
    </ClInclude>
    <ClInclude Include="includes\GLM.h">
      <Filter>Header Files</Filter>
    </ClInclude>
    <ClInclude Include="includes\RFonts.h">
      <Filter>Header Files</Filter>
    </ClInclude>
    <ClInclude Include="includes\RCanvas.h">
      <Filter>Header Files</Filter>
    </ClInclude>
    <ClInclude Include="includes\RAtlas.h">
      <Filter>Header Files</Filter>
    </ClInclude>
    <ClInclude Include="includes\RWnd.h">
      <Filter>Header Files</Filter>
    </ClInclude>
    <ClInclude Include="includes\RControls.h">
      <Filter>Header Files</Filter>
    </ClInclude>
    <ClInclude Include="includes\RTypes.h">
      <Filter>Header Files</Filter>
    </ClInclude>
    <ClInclude Include="RAdoptConsts.h">
      <Filter>Header Files</Filter>
    </ClInclude>
  </ItemGroup>
  <ItemGroup>
    <ClCompile Include="RAdopt.cpp">
      <Filter>Source Files</Filter>
    </ClCompile>
    <ClCompile Include="pch.cpp">
      <Filter>Source Files</Filter>
    </ClCompile>
    <ClCompile Include="RUtils.cpp">
      <Filter>Source Files</Filter>
    </ClCompile>
    <ClCompile Include="RModels.cpp">
      <Filter>Source Files</Filter>
    </ClCompile>
    <ClCompile Include="stb_image_bindings.cpp">
      <Filter>Source Files</Filter>
    </ClCompile>
    <ClCompile Include="RSystems.cpp">
      <Filter>Source Files</Filter>
    </ClCompile>
    <ClCompile Include="RFonts.cpp">
      <Filter>Source Files</Filter>
    </ClCompile>
    <ClCompile Include="GLMUtils.cpp">
      <Filter>Source Files</Filter>
    </ClCompile>
    <ClCompile Include="RCanvas.cpp">
      <Filter>Source Files</Filter>
    </ClCompile>
    <ClCompile Include="RAtlas.cpp">
      <Filter>Source Files</Filter>
    </ClCompile>
    <ClCompile Include="RWnd.cpp">
      <Filter>Source Files</Filter>
    </ClCompile>
    <ClCompile Include="RControls.cpp">
      <Filter>Source Files</Filter>
    </ClCompile>
  </ItemGroup>
  <ItemGroup>
    <ResourceCompile Include="shaders\RAdopt_shaders.rc">
      <Filter>Resource Files</Filter>
    </ResourceCompile>
  </ItemGroup>
</Project>